// !$*UTF8*$!
{
	archiveVersion = 1;
	classes = {
	};
	objectVersion = 50;
	objects = {

/* Begin PBXBuildFile section */
		1F4EA360AB000BD41A72A4B5 /* Pods_Eat_Good.framework in Frameworks */ = {isa = PBXBuildFile; fileRef = EBB75753DEA532E002293704 /* Pods_Eat_Good.framework */; };
		45037E97207FC307001B4F09 /* Recipe.swift in Sources */ = {isa = PBXBuildFile; fileRef = 45037E96207FC307001B4F09 /* Recipe.swift */; };
		45037E9A207FC47E001B4F09 /* RequestSubmitter.swift in Sources */ = {isa = PBXBuildFile; fileRef = 45037E99207FC47E001B4F09 /* RequestSubmitter.swift */; };
		45037E9C207FC5AC001B4F09 /* RecipeRetriever.swift in Sources */ = {isa = PBXBuildFile; fileRef = 45037E9B207FC5AC001B4F09 /* RecipeRetriever.swift */; };
		45037EA0207FCAE3001B4F09 /* FoodToForkApi.swift in Sources */ = {isa = PBXBuildFile; fileRef = 45037E9F207FCAE3001B4F09 /* FoodToForkApi.swift */; };
		45037EA3207FD877001B4F09 /* ImageRetriever.swift in Sources */ = {isa = PBXBuildFile; fileRef = 45037EA2207FD877001B4F09 /* ImageRetriever.swift */; };
		45185CAD2083F3F200870371 /* ImageVC.swift in Sources */ = {isa = PBXBuildFile; fileRef = 45185CAC2083F3F100870371 /* ImageVC.swift */; };
		4535DF0220823260008EEC8B /* RecipeSearchTVC.swift in Sources */ = {isa = PBXBuildFile; fileRef = 4535DF0120823260008EEC8B /* RecipeSearchTVC.swift */; };
		4535DF0420823B43008EEC8B /* RecipeDetailsTVC.swift in Sources */ = {isa = PBXBuildFile; fileRef = 4535DF0320823B43008EEC8B /* RecipeDetailsTVC.swift */; };
		4535DF0620823D7E008EEC8B /* UIViewController+Extensions.swift in Sources */ = {isa = PBXBuildFile; fileRef = 4535DF0520823D7E008EEC8B /* UIViewController+Extensions.swift */; };
		455C2A4D207FE95E0060BBF2 /* LargeFoodTableCell.swift in Sources */ = {isa = PBXBuildFile; fileRef = 455C2A4C207FE95E0060BBF2 /* LargeFoodTableCell.swift */; };
		455C2A51207FE9AC0060BBF2 /* ImageCache.swift in Sources */ = {isa = PBXBuildFile; fileRef = 455C2A50207FE9AC0060BBF2 /* ImageCache.swift */; };
		459216CD20850C35000CDFF8 /* FollowedFoodTableCell.swift in Sources */ = {isa = PBXBuildFile; fileRef = 459216CC20850C35000CDFF8 /* FollowedFoodTableCell.swift */; };
		459216CF20850C5B000CDFF8 /* RecipeCollectionCell.swift in Sources */ = {isa = PBXBuildFile; fileRef = 459216CE20850C5B000CDFF8 /* RecipeCollectionCell.swift */; };
		459216D120850CA2000CDFF8 /* ScaledHeightImageView.swift in Sources */ = {isa = PBXBuildFile; fileRef = 459216D020850CA2000CDFF8 /* ScaledHeightImageView.swift */; };
		459216D320850D60000CDFF8 /* ImageTableCell.swift in Sources */ = {isa = PBXBuildFile; fileRef = 459216D220850D60000CDFF8 /* ImageTableCell.swift */; };
		45A74400208357FB00718839 /* FavoriteRecipe+CoreDataClass.swift in Sources */ = {isa = PBXBuildFile; fileRef = 45A743FE208357FB00718839 /* FavoriteRecipe+CoreDataClass.swift */; };
		45A74401208357FB00718839 /* FavoriteRecipe+CoreDataProperties.swift in Sources */ = {isa = PBXBuildFile; fileRef = 45A743FF208357FB00718839 /* FavoriteRecipe+CoreDataProperties.swift */; };
		45A744032083582700718839 /* FavoritesTVC.swift in Sources */ = {isa = PBXBuildFile; fileRef = 45A744022083582700718839 /* FavoritesTVC.swift */; };
		45A7440520835A0100718839 /* CoreDataManager.swift in Sources */ = {isa = PBXBuildFile; fileRef = 45A7440420835A0100718839 /* CoreDataManager.swift */; };
		45A7440720835C2200718839 /* SmallFoodTableCell.swift in Sources */ = {isa = PBXBuildFile; fileRef = 45A7440620835C2200718839 /* SmallFoodTableCell.swift */; };
		45A7440920835CA100718839 /* FavoriteRecipe+Extensions.swift in Sources */ = {isa = PBXBuildFile; fileRef = 45A7440820835CA100718839 /* FavoriteRecipe+Extensions.swift */; };
		45CD42E1207D38E700B3597B /* AppDelegate.swift in Sources */ = {isa = PBXBuildFile; fileRef = 45CD42E0207D38E700B3597B /* AppDelegate.swift */; };
		45CD42E3207D38E700B3597B /* TopRatedTVC.swift in Sources */ = {isa = PBXBuildFile; fileRef = 45CD42E2207D38E700B3597B /* TopRatedTVC.swift */; };
		45CD42E6207D38E700B3597B /* Main.storyboard in Resources */ = {isa = PBXBuildFile; fileRef = 45CD42E4207D38E700B3597B /* Main.storyboard */; };
		45CD42E9207D38E700B3597B /* Eat_Good.xcdatamodeld in Sources */ = {isa = PBXBuildFile; fileRef = 45CD42E7207D38E700B3597B /* Eat_Good.xcdatamodeld */; };
		45CD42EB207D38E800B3597B /* Assets.xcassets in Resources */ = {isa = PBXBuildFile; fileRef = 45CD42EA207D38E800B3597B /* Assets.xcassets */; };
		45CD42EE207D38E800B3597B /* LaunchScreen.storyboard in Resources */ = {isa = PBXBuildFile; fileRef = 45CD42EC207D38E800B3597B /* LaunchScreen.storyboard */; };
		45D4C3742081264000F2C833 /* ExploreTVC.swift in Sources */ = {isa = PBXBuildFile; fileRef = 45D4C3732081264000F2C833 /* ExploreTVC.swift */; };
		45D4C3762081419900F2C833 /* TitleTableCell.swift in Sources */ = {isa = PBXBuildFile; fileRef = 45D4C3752081419900F2C833 /* TitleTableCell.swift */; };
		45D4C3782081428E00F2C833 /* FollowedFoodsEditTVC.swift in Sources */ = {isa = PBXBuildFile; fileRef = 45D4C3772081428E00F2C833 /* FollowedFoodsEditTVC.swift */; };
		45D4C37A2081597800F2C833 /* FollowedFoodManager.swift in Sources */ = {isa = PBXBuildFile; fileRef = 45D4C3792081597800F2C833 /* FollowedFoodManager.swift */; };
/* End PBXBuildFile section */

/* Begin PBXFileReference section */
		1483F5DA84097FC74666D028 /* Pods-Eat Good.release.xcconfig */ = {isa = PBXFileReference; includeInIndex = 1; lastKnownFileType = text.xcconfig; name = "Pods-Eat Good.release.xcconfig"; path = "Pods/Target Support Files/Pods-Eat Good/Pods-Eat Good.release.xcconfig"; sourceTree = "<group>"; };
		45037E96207FC307001B4F09 /* Recipe.swift */ = {isa = PBXFileReference; lastKnownFileType = sourcecode.swift; path = Recipe.swift; sourceTree = "<group>"; };
		45037E99207FC47E001B4F09 /* RequestSubmitter.swift */ = {isa = PBXFileReference; lastKnownFileType = sourcecode.swift; path = RequestSubmitter.swift; sourceTree = "<group>"; };
		45037E9B207FC5AC001B4F09 /* RecipeRetriever.swift */ = {isa = PBXFileReference; lastKnownFileType = sourcecode.swift; path = RecipeRetriever.swift; sourceTree = "<group>"; };
		45037E9F207FCAE3001B4F09 /* FoodToForkApi.swift */ = {isa = PBXFileReference; lastKnownFileType = sourcecode.swift; path = FoodToForkApi.swift; sourceTree = "<group>"; };
		45037EA2207FD877001B4F09 /* ImageRetriever.swift */ = {isa = PBXFileReference; lastKnownFileType = sourcecode.swift; path = ImageRetriever.swift; sourceTree = "<group>"; };
		45185CAC2083F3F100870371 /* ImageVC.swift */ = {isa = PBXFileReference; fileEncoding = 4; lastKnownFileType = sourcecode.swift; path = ImageVC.swift; sourceTree = "<group>"; };
		4535DF0120823260008EEC8B /* RecipeSearchTVC.swift */ = {isa = PBXFileReference; lastKnownFileType = sourcecode.swift; path = RecipeSearchTVC.swift; sourceTree = "<group>"; };
		4535DF0320823B43008EEC8B /* RecipeDetailsTVC.swift */ = {isa = PBXFileReference; lastKnownFileType = sourcecode.swift; path = RecipeDetailsTVC.swift; sourceTree = "<group>"; };
		4535DF0520823D7E008EEC8B /* UIViewController+Extensions.swift */ = {isa = PBXFileReference; lastKnownFileType = sourcecode.swift; path = "UIViewController+Extensions.swift"; sourceTree = "<group>"; };
		455C2A4C207FE95E0060BBF2 /* LargeFoodTableCell.swift */ = {isa = PBXFileReference; lastKnownFileType = sourcecode.swift; path = LargeFoodTableCell.swift; sourceTree = "<group>"; };
		455C2A50207FE9AC0060BBF2 /* ImageCache.swift */ = {isa = PBXFileReference; lastKnownFileType = sourcecode.swift; path = ImageCache.swift; sourceTree = "<group>"; };
		459216CC20850C35000CDFF8 /* FollowedFoodTableCell.swift */ = {isa = PBXFileReference; lastKnownFileType = sourcecode.swift; path = FollowedFoodTableCell.swift; sourceTree = "<group>"; };
		459216CE20850C5B000CDFF8 /* RecipeCollectionCell.swift */ = {isa = PBXFileReference; lastKnownFileType = sourcecode.swift; path = RecipeCollectionCell.swift; sourceTree = "<group>"; };
		459216D020850CA2000CDFF8 /* ScaledHeightImageView.swift */ = {isa = PBXFileReference; lastKnownFileType = sourcecode.swift; path = ScaledHeightImageView.swift; sourceTree = "<group>"; };
		459216D220850D60000CDFF8 /* ImageTableCell.swift */ = {isa = PBXFileReference; lastKnownFileType = sourcecode.swift; path = ImageTableCell.swift; sourceTree = "<group>"; };
		45A743FE208357FB00718839 /* FavoriteRecipe+CoreDataClass.swift */ = {isa = PBXFileReference; lastKnownFileType = sourcecode.swift; path = "FavoriteRecipe+CoreDataClass.swift"; sourceTree = "<group>"; };
		45A743FF208357FB00718839 /* FavoriteRecipe+CoreDataProperties.swift */ = {isa = PBXFileReference; lastKnownFileType = sourcecode.swift; path = "FavoriteRecipe+CoreDataProperties.swift"; sourceTree = "<group>"; };
		45A744022083582700718839 /* FavoritesTVC.swift */ = {isa = PBXFileReference; lastKnownFileType = sourcecode.swift; path = FavoritesTVC.swift; sourceTree = "<group>"; };
		45A7440420835A0100718839 /* CoreDataManager.swift */ = {isa = PBXFileReference; lastKnownFileType = sourcecode.swift; path = CoreDataManager.swift; sourceTree = "<group>"; };
		45A7440620835C2200718839 /* SmallFoodTableCell.swift */ = {isa = PBXFileReference; lastKnownFileType = sourcecode.swift; path = SmallFoodTableCell.swift; sourceTree = "<group>"; };
		45A7440820835CA100718839 /* FavoriteRecipe+Extensions.swift */ = {isa = PBXFileReference; lastKnownFileType = sourcecode.swift; path = "FavoriteRecipe+Extensions.swift"; sourceTree = "<group>"; };
		45CD42DD207D38E700B3597B /* Eat Good.app */ = {isa = PBXFileReference; explicitFileType = wrapper.application; includeInIndex = 0; path = "Eat Good.app"; sourceTree = BUILT_PRODUCTS_DIR; };
		45CD42E0207D38E700B3597B /* AppDelegate.swift */ = {isa = PBXFileReference; lastKnownFileType = sourcecode.swift; path = AppDelegate.swift; sourceTree = "<group>"; };
		45CD42E2207D38E700B3597B /* TopRatedTVC.swift */ = {isa = PBXFileReference; lastKnownFileType = sourcecode.swift; path = TopRatedTVC.swift; sourceTree = "<group>"; };
		45CD42E5207D38E700B3597B /* Base */ = {isa = PBXFileReference; lastKnownFileType = file.storyboard; name = Base; path = Base.lproj/Main.storyboard; sourceTree = "<group>"; };
		45CD42E8207D38E700B3597B /* Eat_Good.xcdatamodel */ = {isa = PBXFileReference; lastKnownFileType = wrapper.xcdatamodel; path = Eat_Good.xcdatamodel; sourceTree = "<group>"; };
		45CD42EA207D38E800B3597B /* Assets.xcassets */ = {isa = PBXFileReference; lastKnownFileType = folder.assetcatalog; path = Assets.xcassets; sourceTree = "<group>"; };
		45CD42ED207D38E800B3597B /* Base */ = {isa = PBXFileReference; lastKnownFileType = file.storyboard; name = Base; path = Base.lproj/LaunchScreen.storyboard; sourceTree = "<group>"; };
		45CD42EF207D38E800B3597B /* Info.plist */ = {isa = PBXFileReference; lastKnownFileType = text.plist.xml; path = Info.plist; sourceTree = "<group>"; };
		45D4C3732081264000F2C833 /* ExploreTVC.swift */ = {isa = PBXFileReference; lastKnownFileType = sourcecode.swift; path = ExploreTVC.swift; sourceTree = "<group>"; };
		45D4C3752081419900F2C833 /* TitleTableCell.swift */ = {isa = PBXFileReference; lastKnownFileType = sourcecode.swift; path = TitleTableCell.swift; sourceTree = "<group>"; };
		45D4C3772081428E00F2C833 /* FollowedFoodsEditTVC.swift */ = {isa = PBXFileReference; lastKnownFileType = sourcecode.swift; path = FollowedFoodsEditTVC.swift; sourceTree = "<group>"; };
		45D4C3792081597800F2C833 /* FollowedFoodManager.swift */ = {isa = PBXFileReference; lastKnownFileType = sourcecode.swift; path = FollowedFoodManager.swift; sourceTree = "<group>"; };
		68C5AB5CB1F58F894EAA406E /* Pods-Eat Good.debug.xcconfig */ = {isa = PBXFileReference; includeInIndex = 1; lastKnownFileType = text.xcconfig; name = "Pods-Eat Good.debug.xcconfig"; path = "Pods/Target Support Files/Pods-Eat Good/Pods-Eat Good.debug.xcconfig"; sourceTree = "<group>"; };
		EBB75753DEA532E002293704 /* Pods_Eat_Good.framework */ = {isa = PBXFileReference; explicitFileType = wrapper.framework; includeInIndex = 0; path = Pods_Eat_Good.framework; sourceTree = BUILT_PRODUCTS_DIR; };
/* End PBXFileReference section */

/* Begin PBXFrameworksBuildPhase section */
		45CD42DA207D38E600B3597B /* Frameworks */ = {
			isa = PBXFrameworksBuildPhase;
			buildActionMask = 2147483647;
			files = (
				1F4EA360AB000BD41A72A4B5 /* Pods_Eat_Good.framework in Frameworks */,
			);
			runOnlyForDeploymentPostprocessing = 0;
		};
/* End PBXFrameworksBuildPhase section */

/* Begin PBXGroup section */
		15AAC0EB5F3EE01DD99EE5B6 /* Frameworks */ = {
			isa = PBXGroup;
			children = (
				EBB75753DEA532E002293704 /* Pods_Eat_Good.framework */,
			);
			name = Frameworks;
			sourceTree = "<group>";
		};
		45037E98207FC469001B4F09 /* Rest */ = {
			isa = PBXGroup;
			children = (
				45037E99207FC47E001B4F09 /* RequestSubmitter.swift */,
				45037E9B207FC5AC001B4F09 /* RecipeRetriever.swift */,
				45037E9F207FCAE3001B4F09 /* FoodToForkApi.swift */,
				45037EA2207FD877001B4F09 /* ImageRetriever.swift */,
			);
			path = Rest;
			sourceTree = "<group>";
		};
		45037EA1207FCAF6001B4F09 /* Controller */ = {
			isa = PBXGroup;
			children = (
				45CD42E2207D38E700B3597B /* TopRatedTVC.swift */,
				45D4C3732081264000F2C833 /* ExploreTVC.swift */,
				45D4C3772081428E00F2C833 /* FollowedFoodsEditTVC.swift */,
				4535DF0120823260008EEC8B /* RecipeSearchTVC.swift */,
				45A744022083582700718839 /* FavoritesTVC.swift */,
				4535DF0320823B43008EEC8B /* RecipeDetailsTVC.swift */,
				45185CAC2083F3F100870371 /* ImageVC.swift */,
			);
			path = Controller;
			sourceTree = "<group>";
		};
		455C2A4B207FE9490060BBF2 /* UI */ = {
			isa = PBXGroup;
			children = (
				455C2A4E207FE98E0060BBF2 /* Cell */,
				45037EA1207FCAF6001B4F09 /* Controller */,
			);
			path = UI;
			sourceTree = "<group>";
		};
		455C2A4E207FE98E0060BBF2 /* Cell */ = {
			isa = PBXGroup;
			children = (
				455C2A4C207FE95E0060BBF2 /* LargeFoodTableCell.swift */,
				45D4C3752081419900F2C833 /* TitleTableCell.swift */,
				45A7440620835C2200718839 /* SmallFoodTableCell.swift */,
				459216CC20850C35000CDFF8 /* FollowedFoodTableCell.swift */,
				459216CE20850C5B000CDFF8 /* RecipeCollectionCell.swift */,
				459216D220850D60000CDFF8 /* ImageTableCell.swift */,
			);
			path = Cell;
			sourceTree = "<group>";
		};
		455C2A4F207FE99F0060BBF2 /* Support */ = {
			isa = PBXGroup;
			children = (
				455C2A50207FE9AC0060BBF2 /* ImageCache.swift */,
				45D4C3792081597800F2C833 /* FollowedFoodManager.swift */,
				4535DF0520823D7E008EEC8B /* UIViewController+Extensions.swift */,
				459216D020850CA2000CDFF8 /* ScaledHeightImageView.swift */,
			);
			path = Support;
			sourceTree = "<group>";
		};
		45ACFE5A207FBB0100D3FA3B /* Model */ = {
			isa = PBXGroup;
			children = (
				45A743FE208357FB00718839 /* FavoriteRecipe+CoreDataClass.swift */,
				45A743FF208357FB00718839 /* FavoriteRecipe+CoreDataProperties.swift */,
				45A7440820835CA100718839 /* FavoriteRecipe+Extensions.swift */,
				45037E96207FC307001B4F09 /* Recipe.swift */,
			);
			path = Model;
			sourceTree = "<group>";
		};
		45CD42D4207D38E600B3597B = {
			isa = PBXGroup;
			children = (
				45CD42DF207D38E700B3597B /* Eat Good */,
				45CD42DE207D38E700B3597B /* Products */,
				5FFB561DEFF377B34B2A67FF /* Pods */,
				15AAC0EB5F3EE01DD99EE5B6 /* Frameworks */,
			);
			sourceTree = "<group>";
		};
		45CD42DE207D38E700B3597B /* Products */ = {
			isa = PBXGroup;
			children = (
				45CD42DD207D38E700B3597B /* Eat Good.app */,
			);
			name = Products;
			sourceTree = "<group>";
		};
		45CD42DF207D38E700B3597B /* Eat Good */ = {
			isa = PBXGroup;
			children = (
				455C2A4F207FE99F0060BBF2 /* Support */,
				455C2A4B207FE9490060BBF2 /* UI */,
				45037E98207FC469001B4F09 /* Rest */,
				45ACFE5A207FBB0100D3FA3B /* Model */,
				45CD42E0207D38E700B3597B /* AppDelegate.swift */,
				45A7440420835A0100718839 /* CoreDataManager.swift */,
				45CD42E4207D38E700B3597B /* Main.storyboard */,
				45CD42EA207D38E800B3597B /* Assets.xcassets */,
				45CD42EC207D38E800B3597B /* LaunchScreen.storyboard */,
				45CD42EF207D38E800B3597B /* Info.plist */,
				45CD42E7207D38E700B3597B /* Eat_Good.xcdatamodeld */,
			);
			path = "Eat Good";
			sourceTree = "<group>";
		};
		5FFB561DEFF377B34B2A67FF /* Pods */ = {
			isa = PBXGroup;
			children = (
				68C5AB5CB1F58F894EAA406E /* Pods-Eat Good.debug.xcconfig */,
				1483F5DA84097FC74666D028 /* Pods-Eat Good.release.xcconfig */,
			);
			name = Pods;
			sourceTree = "<group>";
		};
/* End PBXGroup section */

/* Begin PBXNativeTarget section */
		45CD42DC207D38E600B3597B /* Eat Good */ = {
			isa = PBXNativeTarget;
			buildConfigurationList = 45CD42F2207D38E800B3597B /* Build configuration list for PBXNativeTarget "Eat Good" */;
			buildPhases = (
				0CB2C482DC15AB635B695D9D /* [CP] Check Pods Manifest.lock */,
				45CD42D9207D38E600B3597B /* Sources */,
				45CD42DA207D38E600B3597B /* Frameworks */,
				45CD42DB207D38E600B3597B /* Resources */,
				6FCE2FD349DFB431AF6DF2C5 /* [CP] Embed Pods Frameworks */,
			);
			buildRules = (
			);
			dependencies = (
			);
			name = "Eat Good";
			productName = "Eat Good";
			productReference = 45CD42DD207D38E700B3597B /* Eat Good.app */;
			productType = "com.apple.product-type.application";
		};
/* End PBXNativeTarget section */

/* Begin PBXProject section */
		45CD42D5207D38E600B3597B /* Project object */ = {
			isa = PBXProject;
			attributes = {
				LastSwiftUpdateCheck = 0930;
				LastUpgradeCheck = 0930;
				ORGANIZATIONNAME = "Arek Otto";
				TargetAttributes = {
					45CD42DC207D38E600B3597B = {
						CreatedOnToolsVersion = 9.3;
						LastSwiftMigration = 1010;
					};
				};
			};
			buildConfigurationList = 45CD42D8207D38E600B3597B /* Build configuration list for PBXProject "Eat Good" */;
			compatibilityVersion = "Xcode 9.3";
			developmentRegion = en;
			hasScannedForEncodings = 0;
			knownRegions = (
				en,
				Base,
			);
			mainGroup = 45CD42D4207D38E600B3597B;
			productRefGroup = 45CD42DE207D38E700B3597B /* Products */;
			projectDirPath = "";
			projectRoot = "";
			targets = (
				45CD42DC207D38E600B3597B /* Eat Good */,
			);
		};
/* End PBXProject section */

/* Begin PBXResourcesBuildPhase section */
		45CD42DB207D38E600B3597B /* Resources */ = {
			isa = PBXResourcesBuildPhase;
			buildActionMask = 2147483647;
			files = (
				45CD42EE207D38E800B3597B /* LaunchScreen.storyboard in Resources */,
				45CD42EB207D38E800B3597B /* Assets.xcassets in Resources */,
				45CD42E6207D38E700B3597B /* Main.storyboard in Resources */,
			);
			runOnlyForDeploymentPostprocessing = 0;
		};
/* End PBXResourcesBuildPhase section */

/* Begin PBXShellScriptBuildPhase section */
		0CB2C482DC15AB635B695D9D /* [CP] Check Pods Manifest.lock */ = {
			isa = PBXShellScriptBuildPhase;
			buildActionMask = 2147483647;
			files = (
			);
			inputPaths = (
				"${PODS_PODFILE_DIR_PATH}/Podfile.lock",
				"${PODS_ROOT}/Manifest.lock",
			);
			name = "[CP] Check Pods Manifest.lock";
			outputPaths = (
				"$(DERIVED_FILE_DIR)/Pods-Eat Good-checkManifestLockResult.txt",
			);
			runOnlyForDeploymentPostprocessing = 0;
			shellPath = /bin/sh;
			shellScript = "diff \"${PODS_PODFILE_DIR_PATH}/Podfile.lock\" \"${PODS_ROOT}/Manifest.lock\" > /dev/null\nif [ $? != 0 ] ; then\n    # print error to STDERR\n    echo \"error: The sandbox is not in sync with the Podfile.lock. Run 'pod install' or update your CocoaPods installation.\" >&2\n    exit 1\nfi\n# This output is used by Xcode 'outputs' to avoid re-running this script phase.\necho \"SUCCESS\" > \"${SCRIPT_OUTPUT_FILE_0}\"\n";
			showEnvVarsInLog = 0;
		};
		6FCE2FD349DFB431AF6DF2C5 /* [CP] Embed Pods Frameworks */ = {
			isa = PBXShellScriptBuildPhase;
			buildActionMask = 2147483647;
			files = (
			);
			inputFileListPaths = (
			);
			inputPaths = (
				"${SRCROOT}/Pods/Target Support Files/Pods-Eat Good/Pods-Eat Good-frameworks.sh",
				"${BUILT_PRODUCTS_DIR}/AMScrollingNavbar/AMScrollingNavbar.framework",
			);
			name = "[CP] Embed Pods Frameworks";
			outputFileListPaths = (
			);
			outputPaths = (
				"${TARGET_BUILD_DIR}/${FRAMEWORKS_FOLDER_PATH}/AMScrollingNavbar.framework",
			);
			runOnlyForDeploymentPostprocessing = 0;
			shellPath = /bin/sh;
			shellScript = "\"${SRCROOT}/Pods/Target Support Files/Pods-Eat Good/Pods-Eat Good-frameworks.sh\"\n";
			showEnvVarsInLog = 0;
		};
/* End PBXShellScriptBuildPhase section */

/* Begin PBXSourcesBuildPhase section */
		45CD42D9207D38E600B3597B /* Sources */ = {
			isa = PBXSourcesBuildPhase;
			buildActionMask = 2147483647;
			files = (
				45D4C3782081428E00F2C833 /* FollowedFoodsEditTVC.swift in Sources */,
				459216D120850CA2000CDFF8 /* ScaledHeightImageView.swift in Sources */,
				4535DF0620823D7E008EEC8B /* UIViewController+Extensions.swift in Sources */,
				455C2A51207FE9AC0060BBF2 /* ImageCache.swift in Sources */,
				45D4C3742081264000F2C833 /* ExploreTVC.swift in Sources */,
				45CD42E3207D38E700B3597B /* TopRatedTVC.swift in Sources */,
				45A74401208357FB00718839 /* FavoriteRecipe+CoreDataProperties.swift in Sources */,
				45CD42E1207D38E700B3597B /* AppDelegate.swift in Sources */,
				45A7440720835C2200718839 /* SmallFoodTableCell.swift in Sources */,
				45037EA3207FD877001B4F09 /* ImageRetriever.swift in Sources */,
				45D4C3762081419900F2C833 /* TitleTableCell.swift in Sources */,
				45A7440520835A0100718839 /* CoreDataManager.swift in Sources */,
				45037EA0207FCAE3001B4F09 /* FoodToForkApi.swift in Sources */,
				45037E9C207FC5AC001B4F09 /* RecipeRetriever.swift in Sources */,
				455C2A4D207FE95E0060BBF2 /* LargeFoodTableCell.swift in Sources */,
				45037E97207FC307001B4F09 /* Recipe.swift in Sources */,
				459216CF20850C5B000CDFF8 /* RecipeCollectionCell.swift in Sources */,
				45D4C37A2081597800F2C833 /* FollowedFoodManager.swift in Sources */,
				459216CD20850C35000CDFF8 /* FollowedFoodTableCell.swift in Sources */,
				4535DF0420823B43008EEC8B /* RecipeDetailsTVC.swift in Sources */,
				45A744032083582700718839 /* FavoritesTVC.swift in Sources */,
				4535DF0220823260008EEC8B /* RecipeSearchTVC.swift in Sources */,
				45037E9A207FC47E001B4F09 /* RequestSubmitter.swift in Sources */,
				45185CAD2083F3F200870371 /* ImageVC.swift in Sources */,
				45A7440920835CA100718839 /* FavoriteRecipe+Extensions.swift in Sources */,
				45A74400208357FB00718839 /* FavoriteRecipe+CoreDataClass.swift in Sources */,
				459216D320850D60000CDFF8 /* ImageTableCell.swift in Sources */,
				45CD42E9207D38E700B3597B /* Eat_Good.xcdatamodeld in Sources */,
			);
			runOnlyForDeploymentPostprocessing = 0;
		};
/* End PBXSourcesBuildPhase section */

/* Begin PBXVariantGroup section */
		45CD42E4207D38E700B3597B /* Main.storyboard */ = {
			isa = PBXVariantGroup;
			children = (
				45CD42E5207D38E700B3597B /* Base */,
			);
			name = Main.storyboard;
			sourceTree = "<group>";
		};
		45CD42EC207D38E800B3597B /* LaunchScreen.storyboard */ = {
			isa = PBXVariantGroup;
			children = (
				45CD42ED207D38E800B3597B /* Base */,
			);
			name = LaunchScreen.storyboard;
			sourceTree = "<group>";
		};
/* End PBXVariantGroup section */

/* Begin XCBuildConfiguration section */
		45CD42F0207D38E800B3597B /* Debug */ = {
			isa = XCBuildConfiguration;
			buildSettings = {
				ALWAYS_SEARCH_USER_PATHS = NO;
				CLANG_ANALYZER_NONNULL = YES;
				CLANG_ANALYZER_NUMBER_OBJECT_CONVERSION = YES_AGGRESSIVE;
				CLANG_CXX_LANGUAGE_STANDARD = "gnu++14";
				CLANG_CXX_LIBRARY = "libc++";
				CLANG_ENABLE_MODULES = YES;
				CLANG_ENABLE_OBJC_ARC = YES;
				CLANG_ENABLE_OBJC_WEAK = YES;
				CLANG_WARN_BLOCK_CAPTURE_AUTORELEASING = YES;
				CLANG_WARN_BOOL_CONVERSION = YES;
				CLANG_WARN_COMMA = YES;
				CLANG_WARN_CONSTANT_CONVERSION = YES;
				CLANG_WARN_DEPRECATED_OBJC_IMPLEMENTATIONS = YES;
				CLANG_WARN_DIRECT_OBJC_ISA_USAGE = YES_ERROR;
				CLANG_WARN_DOCUMENTATION_COMMENTS = YES;
				CLANG_WARN_EMPTY_BODY = YES;
				CLANG_WARN_ENUM_CONVERSION = YES;
				CLANG_WARN_INFINITE_RECURSION = YES;
				CLANG_WARN_INT_CONVERSION = YES;
				CLANG_WARN_NON_LITERAL_NULL_CONVERSION = YES;
				CLANG_WARN_OBJC_IMPLICIT_RETAIN_SELF = YES;
				CLANG_WARN_OBJC_LITERAL_CONVERSION = YES;
				CLANG_WARN_OBJC_ROOT_CLASS = YES_ERROR;
				CLANG_WARN_RANGE_LOOP_ANALYSIS = YES;
				CLANG_WARN_STRICT_PROTOTYPES = YES;
				CLANG_WARN_SUSPICIOUS_MOVE = YES;
				CLANG_WARN_UNGUARDED_AVAILABILITY = YES_AGGRESSIVE;
				CLANG_WARN_UNREACHABLE_CODE = YES;
				CLANG_WARN__DUPLICATE_METHOD_MATCH = YES;
				CODE_SIGN_IDENTITY = "iPhone Developer";
				COPY_PHASE_STRIP = NO;
				DEBUG_INFORMATION_FORMAT = dwarf;
				ENABLE_STRICT_OBJC_MSGSEND = YES;
				ENABLE_TESTABILITY = YES;
				GCC_C_LANGUAGE_STANDARD = gnu11;
				GCC_DYNAMIC_NO_PIC = NO;
				GCC_NO_COMMON_BLOCKS = YES;
				GCC_OPTIMIZATION_LEVEL = 0;
				GCC_PREPROCESSOR_DEFINITIONS = (
					"DEBUG=1",
					"$(inherited)",
				);
				GCC_WARN_64_TO_32_BIT_CONVERSION = YES;
				GCC_WARN_ABOUT_RETURN_TYPE = YES_ERROR;
				GCC_WARN_UNDECLARED_SELECTOR = YES;
				GCC_WARN_UNINITIALIZED_AUTOS = YES_AGGRESSIVE;
				GCC_WARN_UNUSED_FUNCTION = YES;
				GCC_WARN_UNUSED_VARIABLE = YES;
				IPHONEOS_DEPLOYMENT_TARGET = 12.1;
				MTL_ENABLE_DEBUG_INFO = YES;
				ONLY_ACTIVE_ARCH = YES;
				SDKROOT = iphoneos;
				SWIFT_ACTIVE_COMPILATION_CONDITIONS = DEBUG;
				SWIFT_OPTIMIZATION_LEVEL = "-Onone";
			};
			name = Debug;
		};
		45CD42F1207D38E800B3597B /* Release */ = {
			isa = XCBuildConfiguration;
			buildSettings = {
				ALWAYS_SEARCH_USER_PATHS = NO;
				CLANG_ANALYZER_NONNULL = YES;
				CLANG_ANALYZER_NUMBER_OBJECT_CONVERSION = YES_AGGRESSIVE;
				CLANG_CXX_LANGUAGE_STANDARD = "gnu++14";
				CLANG_CXX_LIBRARY = "libc++";
				CLANG_ENABLE_MODULES = YES;
				CLANG_ENABLE_OBJC_ARC = YES;
				CLANG_ENABLE_OBJC_WEAK = YES;
				CLANG_WARN_BLOCK_CAPTURE_AUTORELEASING = YES;
				CLANG_WARN_BOOL_CONVERSION = YES;
				CLANG_WARN_COMMA = YES;
				CLANG_WARN_CONSTANT_CONVERSION = YES;
				CLANG_WARN_DEPRECATED_OBJC_IMPLEMENTATIONS = YES;
				CLANG_WARN_DIRECT_OBJC_ISA_USAGE = YES_ERROR;
				CLANG_WARN_DOCUMENTATION_COMMENTS = YES;
				CLANG_WARN_EMPTY_BODY = YES;
				CLANG_WARN_ENUM_CONVERSION = YES;
				CLANG_WARN_INFINITE_RECURSION = YES;
				CLANG_WARN_INT_CONVERSION = YES;
				CLANG_WARN_NON_LITERAL_NULL_CONVERSION = YES;
				CLANG_WARN_OBJC_IMPLICIT_RETAIN_SELF = YES;
				CLANG_WARN_OBJC_LITERAL_CONVERSION = YES;
				CLANG_WARN_OBJC_ROOT_CLASS = YES_ERROR;
				CLANG_WARN_RANGE_LOOP_ANALYSIS = YES;
				CLANG_WARN_STRICT_PROTOTYPES = YES;
				CLANG_WARN_SUSPICIOUS_MOVE = YES;
				CLANG_WARN_UNGUARDED_AVAILABILITY = YES_AGGRESSIVE;
				CLANG_WARN_UNREACHABLE_CODE = YES;
				CLANG_WARN__DUPLICATE_METHOD_MATCH = YES;
				CODE_SIGN_IDENTITY = "iPhone Developer";
				COPY_PHASE_STRIP = NO;
				DEBUG_INFORMATION_FORMAT = "dwarf-with-dsym";
				ENABLE_NS_ASSERTIONS = NO;
				ENABLE_STRICT_OBJC_MSGSEND = YES;
				GCC_C_LANGUAGE_STANDARD = gnu11;
				GCC_NO_COMMON_BLOCKS = YES;
				GCC_WARN_64_TO_32_BIT_CONVERSION = YES;
				GCC_WARN_ABOUT_RETURN_TYPE = YES_ERROR;
				GCC_WARN_UNDECLARED_SELECTOR = YES;
				GCC_WARN_UNINITIALIZED_AUTOS = YES_AGGRESSIVE;
				GCC_WARN_UNUSED_FUNCTION = YES;
				GCC_WARN_UNUSED_VARIABLE = YES;
				IPHONEOS_DEPLOYMENT_TARGET = 12.1;
				MTL_ENABLE_DEBUG_INFO = NO;
				SDKROOT = iphoneos;
				SWIFT_COMPILATION_MODE = wholemodule;
				SWIFT_OPTIMIZATION_LEVEL = "-O";
				VALIDATE_PRODUCT = YES;
			};
			name = Release;
		};
		45CD42F3207D38E800B3597B /* Debug */ = {
			isa = XCBuildConfiguration;
			baseConfigurationReference = 68C5AB5CB1F58F894EAA406E /* Pods-Eat Good.debug.xcconfig */;
			buildSettings = {
				ASSETCATALOG_COMPILER_APPICON_NAME = AppIcon;
				CODE_SIGN_IDENTITY = "iPhone Developer";
				CODE_SIGN_STYLE = Automatic;
				DEVELOPMENT_TEAM = 5EP5TVKNPZ;
				INFOPLIST_FILE = "Eat Good/Info.plist";
				IPHONEOS_DEPLOYMENT_TARGET = 10.0;
				LD_RUNPATH_SEARCH_PATHS = (
					"$(inherited)",
					"@executable_path/Frameworks",
				);
				PRODUCT_BUNDLE_IDENTIFIER = arekotto.EatGood;
				PRODUCT_NAME = "$(TARGET_NAME)";
				PROVISIONING_PROFILE_SPECIFIER = "";
				SWIFT_VERSION = 4.2;
				TARGETED_DEVICE_FAMILY = "1,2";
			};
			name = Debug;
		};
		45CD42F4207D38E800B3597B /* Release */ = {
			isa = XCBuildConfiguration;
			baseConfigurationReference = 1483F5DA84097FC74666D028 /* Pods-Eat Good.release.xcconfig */;
			buildSettings = {
				ASSETCATALOG_COMPILER_APPICON_NAME = AppIcon;
				CODE_SIGN_IDENTITY = "iPhone Developer";
				CODE_SIGN_STYLE = Automatic;
				DEVELOPMENT_TEAM = 5EP5TVKNPZ;
				INFOPLIST_FILE = "Eat Good/Info.plist";
				IPHONEOS_DEPLOYMENT_TARGET = 10.0;
				LD_RUNPATH_SEARCH_PATHS = (
					"$(inherited)",
					"@executable_path/Frameworks",
				);
				PRODUCT_BUNDLE_IDENTIFIER = arekotto.EatGood;
				PRODUCT_NAME = "$(TARGET_NAME)";
				PROVISIONING_PROFILE_SPECIFIER = "";
				SWIFT_VERSION = 4.2;
				TARGETED_DEVICE_FAMILY = "1,2";
			};
			name = Release;
		};
/* End XCBuildConfiguration section */

/* Begin XCConfigurationList section */
		45CD42D8207D38E600B3597B /* Build configuration list for PBXProject "Eat Good" */ = {
			isa = XCConfigurationList;
			buildConfigurations = (
				45CD42F0207D38E800B3597B /* Debug */,
				45CD42F1207D38E800B3597B /* Release */,
			);
			defaultConfigurationIsVisible = 0;
			defaultConfigurationName = Release;
		};
		45CD42F2207D38E800B3597B /* Build configuration list for PBXNativeTarget "Eat Good" */ = {
			isa = XCConfigurationList;
			buildConfigurations = (
				45CD42F3207D38E800B3597B /* Debug */,
				45CD42F4207D38E800B3597B /* Release */,
			);
			defaultConfigurationIsVisible = 0;
			defaultConfigurationName = Release;
		};
/* End XCConfigurationList section */

/* Begin XCVersionGroup section */
		45CD42E7207D38E700B3597B /* Eat_Good.xcdatamodeld */ = {
			isa = XCVersionGroup;
			children = (
				45CD42E8207D38E700B3597B /* Eat_Good.xcdatamodel */,
			);
			currentVersion = 45CD42E8207D38E700B3597B /* Eat_Good.xcdatamodel */;
			path = Eat_Good.xcdatamodeld;
			sourceTree = "<group>";
			versionGroupType = wrapper.xcdatamodel;
		};
/* End XCVersionGroup section */
	};
	rootObject = 45CD42D5207D38E600B3597B /* Project object */;
}
